// !$*UTF8*$!
{
	archiveVersion = 1;
	classes = {
	};
	objectVersion = 46;
	objects = {

/* Begin PBXBuildFile section */
		6E175F1C15E682AB00C8B094 /* UIKit.framework in Frameworks */ = {isa = PBXBuildFile; fileRef = 6E175F1B15E682AB00C8B094 /* UIKit.framework */; };
		6E175F1E15E682AB00C8B094 /* Foundation.framework in Frameworks */ = {isa = PBXBuildFile; fileRef = 6E175F1D15E682AB00C8B094 /* Foundation.framework */; };
		6E175F2015E682AB00C8B094 /* CoreGraphics.framework in Frameworks */ = {isa = PBXBuildFile; fileRef = 6E175F1F15E682AB00C8B094 /* CoreGraphics.framework */; };
		6E175F2615E682AB00C8B094 /* InfoPlist.strings in Resources */ = {isa = PBXBuildFile; fileRef = 6E175F2415E682AB00C8B094 /* InfoPlist.strings */; };
		6E175F2815E682AB00C8B094 /* main.m in Sources */ = {isa = PBXBuildFile; fileRef = 6E175F2715E682AB00C8B094 /* main.m */; };
		6E175F2C15E682AB00C8B094 /* AppDelegate.m in Sources */ = {isa = PBXBuildFile; fileRef = 6E175F2B15E682AB00C8B094 /* AppDelegate.m */; };
		6E175F3415E683B900C8B094 /* FirstLevelController.m in Sources */ = {isa = PBXBuildFile; fileRef = 6E175F3315E683B900C8B094 /* FirstLevelController.m */; };
		6E29118A15E7E65500F02325 /* SecondLevelViewController.m in Sources */ = {isa = PBXBuildFile; fileRef = 6E29118915E7E65500F02325 /* SecondLevelViewController.m */; };
		6E29119515E7FE5500F02325 /* button_down.png in Resources */ = {isa = PBXBuildFile; fileRef = 6E29118D15E7FE5500F02325 /* button_down.png */; };
		6E29119615E7FE5500F02325 /* button_up.png in Resources */ = {isa = PBXBuildFile; fileRef = 6E29118E15E7FE5500F02325 /* button_up.png */; };
		6E29119715E7FE5500F02325 /* checkmarkControllerIcon.png in Resources */ = {isa = PBXBuildFile; fileRef = 6E29118F15E7FE5500F02325 /* checkmarkControllerIcon.png */; };
		6E29119815E7FE5500F02325 /* deleteMeIcon.png in Resources */ = {isa = PBXBuildFile; fileRef = 6E29119015E7FE5500F02325 /* deleteMeIcon.png */; };
		6E29119915E7FE5500F02325 /* detailEditIcon.png in Resources */ = {isa = PBXBuildFile; fileRef = 6E29119115E7FE5500F02325 /* detailEditIcon.png */; };
		6E29119A15E7FE5500F02325 /* disclosureButtonControllerIcon.png in Resources */ = {isa = PBXBuildFile; fileRef = 6E29119215E7FE5500F02325 /* disclosureButtonControllerIcon.png */; };
		6E29119B15E7FE5500F02325 /* moveMeIcon.png in Resources */ = {isa = PBXBuildFile; fileRef = 6E29119315E7FE5500F02325 /* moveMeIcon.png */; };
		6E29119C15E7FE5500F02325 /* rowControlsIcon.png in Resources */ = {isa = PBXBuildFile; fileRef = 6E29119415E7FE5500F02325 /* rowControlsIcon.png */; };
		6E29119F15E7FEE300F02325 /* DisclosureButtonController.m in Sources */ = {isa = PBXBuildFile; fileRef = 6E29119E15E7FEE300F02325 /* DisclosureButtonController.m */; };
		6E2911A215E8001200F02325 /* DisclosureDetailController.m in Sources */ = {isa = PBXBuildFile; fileRef = 6E2911A115E8001200F02325 /* DisclosureDetailController.m */; };
		6E2911A415E8002600F02325 /* DisclosureDetailController.xib in Resources */ = {isa = PBXBuildFile; fileRef = 6E2911A315E8002600F02325 /* DisclosureDetailController.xib */; };
		6E2911AF15E8B91B00F02325 /* CheckListController.m in Sources */ = {isa = PBXBuildFile; fileRef = 6E2911AE15E8B91B00F02325 /* CheckListController.m */; };
		6E2911BA15E9688000F02325 /* RowControlsController.m in Sources */ = {isa = PBXBuildFile; fileRef = 6E2911B915E9688000F02325 /* RowControlsController.m */; };
/* End PBXBuildFile section */

/* Begin PBXFileReference section */
		6E175F1715E682AB00C8B094 /* Nav.app */ = {isa = PBXFileReference; explicitFileType = wrapper.application; includeInIndex = 0; path = Nav.app; sourceTree = BUILT_PRODUCTS_DIR; };
		6E175F1B15E682AB00C8B094 /* UIKit.framework */ = {isa = PBXFileReference; lastKnownFileType = wrapper.framework; name = UIKit.framework; path = System/Library/Frameworks/UIKit.framework; sourceTree = SDKROOT; };
		6E175F1D15E682AB00C8B094 /* Foundation.framework */ = {isa = PBXFileReference; lastKnownFileType = wrapper.framework; name = Foundation.framework; path = System/Library/Frameworks/Foundation.framework; sourceTree = SDKROOT; };
		6E175F1F15E682AB00C8B094 /* CoreGraphics.framework */ = {isa = PBXFileReference; lastKnownFileType = wrapper.framework; name = CoreGraphics.framework; path = System/Library/Frameworks/CoreGraphics.framework; sourceTree = SDKROOT; };
		6E175F2315E682AB00C8B094 /* Nav-Info.plist */ = {isa = PBXFileReference; lastKnownFileType = text.plist.xml; path = "Nav-Info.plist"; sourceTree = "<group>"; };
		6E175F2515E682AB00C8B094 /* en */ = {isa = PBXFileReference; lastKnownFileType = text.plist.strings; name = en; path = en.lproj/InfoPlist.strings; sourceTree = "<group>"; };
		6E175F2715E682AB00C8B094 /* main.m */ = {isa = PBXFileReference; lastKnownFileType = sourcecode.c.objc; path = main.m; sourceTree = "<group>"; };
		6E175F2915E682AB00C8B094 /* Nav-Prefix.pch */ = {isa = PBXFileReference; lastKnownFileType = sourcecode.c.h; path = "Nav-Prefix.pch"; sourceTree = "<group>"; };
		6E175F2A15E682AB00C8B094 /* AppDelegate.h */ = {isa = PBXFileReference; lastKnownFileType = sourcecode.c.h; path = AppDelegate.h; sourceTree = "<group>"; };
		6E175F2B15E682AB00C8B094 /* AppDelegate.m */ = {isa = PBXFileReference; lastKnownFileType = sourcecode.c.objc; path = AppDelegate.m; sourceTree = "<group>"; };
		6E175F3215E683B900C8B094 /* FirstLevelController.h */ = {isa = PBXFileReference; fileEncoding = 4; lastKnownFileType = sourcecode.c.h; path = FirstLevelController.h; sourceTree = "<group>"; };
		6E175F3315E683B900C8B094 /* FirstLevelController.m */ = {isa = PBXFileReference; fileEncoding = 4; lastKnownFileType = sourcecode.c.objc; path = FirstLevelController.m; sourceTree = "<group>"; };
		6E29118815E7E65500F02325 /* SecondLevelViewController.h */ = {isa = PBXFileReference; fileEncoding = 4; lastKnownFileType = sourcecode.c.h; path = SecondLevelViewController.h; sourceTree = "<group>"; };
		6E29118915E7E65500F02325 /* SecondLevelViewController.m */ = {isa = PBXFileReference; fileEncoding = 4; lastKnownFileType = sourcecode.c.objc; path = SecondLevelViewController.m; sourceTree = "<group>"; };
		6E29118D15E7FE5500F02325 /* button_down.png */ = {isa = PBXFileReference; lastKnownFileType = image.png; path = button_down.png; sourceTree = "<group>"; };
		6E29118E15E7FE5500F02325 /* button_up.png */ = {isa = PBXFileReference; lastKnownFileType = image.png; path = button_up.png; sourceTree = "<group>"; };
		6E29118F15E7FE5500F02325 /* checkmarkControllerIcon.png */ = {isa = PBXFileReference; lastKnownFileType = image.png; path = checkmarkControllerIcon.png; sourceTree = "<group>"; };
		6E29119015E7FE5500F02325 /* deleteMeIcon.png */ = {isa = PBXFileReference; lastKnownFileType = image.png; path = deleteMeIcon.png; sourceTree = "<group>"; };
		6E29119115E7FE5500F02325 /* detailEditIcon.png */ = {isa = PBXFileReference; lastKnownFileType = image.png; path = detailEditIcon.png; sourceTree = "<group>"; };
		6E29119215E7FE5500F02325 /* disclosureButtonControllerIcon.png */ = {isa = PBXFileReference; lastKnownFileType = image.png; path = disclosureButtonControllerIcon.png; sourceTree = "<group>"; };
		6E29119315E7FE5500F02325 /* moveMeIcon.png */ = {isa = PBXFileReference; lastKnownFileType = image.png; path = moveMeIcon.png; sourceTree = "<group>"; };
		6E29119415E7FE5500F02325 /* rowControlsIcon.png */ = {isa = PBXFileReference; lastKnownFileType = image.png; path = rowControlsIcon.png; sourceTree = "<group>"; };
		6E29119D15E7FEE300F02325 /* DisclosureButtonController.h */ = {isa = PBXFileReference; fileEncoding = 4; lastKnownFileType = sourcecode.c.h; path = DisclosureButtonController.h; sourceTree = "<group>"; };
		6E29119E15E7FEE300F02325 /* DisclosureButtonController.m */ = {isa = PBXFileReference; fileEncoding = 4; lastKnownFileType = sourcecode.c.objc; path = DisclosureButtonController.m; sourceTree = "<group>"; };
		6E2911A015E8001200F02325 /* DisclosureDetailController.h */ = {isa = PBXFileReference; fileEncoding = 4; lastKnownFileType = sourcecode.c.h; path = DisclosureDetailController.h; sourceTree = "<group>"; };
		6E2911A115E8001200F02325 /* DisclosureDetailController.m */ = {isa = PBXFileReference; fileEncoding = 4; lastKnownFileType = sourcecode.c.objc; path = DisclosureDetailController.m; sourceTree = "<group>"; };
		6E2911A315E8002600F02325 /* DisclosureDetailController.xib */ = {isa = PBXFileReference; fileEncoding = 4; lastKnownFileType = file.xib; path = DisclosureDetailController.xib; sourceTree = "<group>"; };
		6E2911AD15E8B91B00F02325 /* CheckListController.h */ = {isa = PBXFileReference; fileEncoding = 4; lastKnownFileType = sourcecode.c.h; path = CheckListController.h; sourceTree = "<group>"; };
		6E2911AE15E8B91B00F02325 /* CheckListController.m */ = {isa = PBXFileReference; fileEncoding = 4; lastKnownFileType = sourcecode.c.objc; path = CheckListController.m; sourceTree = "<group>"; };
		6E2911B815E9688000F02325 /* RowControlsController.h */ = {isa = PBXFileReference; fileEncoding = 4; lastKnownFileType = sourcecode.c.h; path = RowControlsController.h; sourceTree = "<group>"; };
		6E2911B915E9688000F02325 /* RowControlsController.m */ = {isa = PBXFileReference; fileEncoding = 4; lastKnownFileType = sourcecode.c.objc; path = RowControlsController.m; sourceTree = "<group>"; };
/* End PBXFileReference section */

/* Begin PBXFrameworksBuildPhase section */
		6E175F1415E682AB00C8B094 /* Frameworks */ = {
			isa = PBXFrameworksBuildPhase;
			buildActionMask = 2147483647;
			files = (
				6E175F1C15E682AB00C8B094 /* UIKit.framework in Frameworks */,
				6E175F1E15E682AB00C8B094 /* Foundation.framework in Frameworks */,
				6E175F2015E682AB00C8B094 /* CoreGraphics.framework in Frameworks */,
			);
			runOnlyForDeploymentPostprocessing = 0;
		};
/* End PBXFrameworksBuildPhase section */

/* Begin PBXGroup section */
		6E175F0C15E682AB00C8B094 = {
			isa = PBXGroup;
			children = (
				6E175F2115E682AB00C8B094 /* Nav */,
				6E175F1A15E682AB00C8B094 /* Frameworks */,
				6E175F1815E682AB00C8B094 /* Products */,
			);
			sourceTree = "<group>";
		};
		6E175F1815E682AB00C8B094 /* Products */ = {
			isa = PBXGroup;
			children = (
				6E175F1715E682AB00C8B094 /* Nav.app */,
			);
			name = Products;
			sourceTree = "<group>";
		};
		6E175F1A15E682AB00C8B094 /* Frameworks */ = {
			isa = PBXGroup;
			children = (
				6E175F1B15E682AB00C8B094 /* UIKit.framework */,
				6E175F1D15E682AB00C8B094 /* Foundation.framework */,
				6E175F1F15E682AB00C8B094 /* CoreGraphics.framework */,
			);
			name = Frameworks;
			sourceTree = "<group>";
		};
		6E175F2115E682AB00C8B094 /* Nav */ = {
			isa = PBXGroup;
			children = (
				6E29118C15E7FE5500F02325 /* Images */,
				6E175F2A15E682AB00C8B094 /* AppDelegate.h */,
				6E175F2B15E682AB00C8B094 /* AppDelegate.m */,
				6E175F2215E682AB00C8B094 /* Supporting Files */,
				6E175F3215E683B900C8B094 /* FirstLevelController.h */,
				6E175F3315E683B900C8B094 /* FirstLevelController.m */,
				6E29118815E7E65500F02325 /* SecondLevelViewController.h */,
				6E29118915E7E65500F02325 /* SecondLevelViewController.m */,
				6E29119D15E7FEE300F02325 /* DisclosureButtonController.h */,
				6E29119E15E7FEE300F02325 /* DisclosureButtonController.m */,
				6E2911A015E8001200F02325 /* DisclosureDetailController.h */,
				6E2911A115E8001200F02325 /* DisclosureDetailController.m */,
				6E2911A315E8002600F02325 /* DisclosureDetailController.xib */,
				6E2911AD15E8B91B00F02325 /* CheckListController.h */,
				6E2911AE15E8B91B00F02325 /* CheckListController.m */,
				6E2911B815E9688000F02325 /* RowControlsController.h */,
				6E2911B915E9688000F02325 /* RowControlsController.m */,
			);
			path = Nav;
			sourceTree = "<group>";
		};
		6E175F2215E682AB00C8B094 /* Supporting Files */ = {
			isa = PBXGroup;
			children = (
				6E175F2315E682AB00C8B094 /* Nav-Info.plist */,
				6E175F2415E682AB00C8B094 /* InfoPlist.strings */,
				6E175F2715E682AB00C8B094 /* main.m */,
				6E175F2915E682AB00C8B094 /* Nav-Prefix.pch */,
			);
			name = "Supporting Files";
			sourceTree = "<group>";
		};
		6E29118C15E7FE5500F02325 /* Images */ = {
			isa = PBXGroup;
			children = (
				6E29118D15E7FE5500F02325 /* button_down.png */,
				6E29118E15E7FE5500F02325 /* button_up.png */,
				6E29118F15E7FE5500F02325 /* checkmarkControllerIcon.png */,
				6E29119015E7FE5500F02325 /* deleteMeIcon.png */,
				6E29119115E7FE5500F02325 /* detailEditIcon.png */,
				6E29119215E7FE5500F02325 /* disclosureButtonControllerIcon.png */,
				6E29119315E7FE5500F02325 /* moveMeIcon.png */,
				6E29119415E7FE5500F02325 /* rowControlsIcon.png */,
			);
			path = Images;
			sourceTree = "<group>";
		};
/* End PBXGroup section */

/* Begin PBXNativeTarget section */
		6E175F1615E682AB00C8B094 /* Nav */ = {
			isa = PBXNativeTarget;
			buildConfigurationList = 6E175F2F15E682AB00C8B094 /* Build configuration list for PBXNativeTarget "Nav" */;
			buildPhases = (
				6E175F1315E682AB00C8B094 /* Sources */,
				6E175F1415E682AB00C8B094 /* Frameworks */,
				6E175F1515E682AB00C8B094 /* Resources */,
			);
			buildRules = (
			);
			dependencies = (
			);
			name = Nav;
			productName = Nav;
			productReference = 6E175F1715E682AB00C8B094 /* Nav.app */;
			productType = "com.apple.product-type.application";
		};
/* End PBXNativeTarget section */

/* Begin PBXProject section */
		6E175F0E15E682AB00C8B094 /* Project object */ = {
			isa = PBXProject;
			attributes = {
				LastUpgradeCheck = 0440;
				ORGANIZATIONNAME = Natasha;
			};
			buildConfigurationList = 6E175F1115E682AB00C8B094 /* Build configuration list for PBXProject "Nav" */;
			compatibilityVersion = "Xcode 3.2";
			developmentRegion = English;
			hasScannedForEncodings = 0;
			knownRegions = (
				en,
			);
			mainGroup = 6E175F0C15E682AB00C8B094;
			productRefGroup = 6E175F1815E682AB00C8B094 /* Products */;
			projectDirPath = "";
			projectRoot = "";
			targets = (
				6E175F1615E682AB00C8B094 /* Nav */,
			);
		};
/* End PBXProject section */

/* Begin PBXResourcesBuildPhase section */
		6E175F1515E682AB00C8B094 /* Resources */ = {
			isa = PBXResourcesBuildPhase;
			buildActionMask = 2147483647;
			files = (
				6E175F2615E682AB00C8B094 /* InfoPlist.strings in Resources */,
				6E29119515E7FE5500F02325 /* button_down.png in Resources */,
				6E29119615E7FE5500F02325 /* button_up.png in Resources */,
				6E29119715E7FE5500F02325 /* checkmarkControllerIcon.png in Resources */,
				6E29119815E7FE5500F02325 /* deleteMeIcon.png in Resources */,
				6E29119915E7FE5500F02325 /* detailEditIcon.png in Resources */,
				6E29119A15E7FE5500F02325 /* disclosureButtonControllerIcon.png in Resources */,
				6E29119B15E7FE5500F02325 /* moveMeIcon.png in Resources */,
				6E29119C15E7FE5500F02325 /* rowControlsIcon.png in Resources */,
				6E2911A415E8002600F02325 /* DisclosureDetailController.xib in Resources */,
			);
			runOnlyForDeploymentPostprocessing = 0;
		};
/* End PBXResourcesBuildPhase section */

/* Begin PBXSourcesBuildPhase section */
		6E175F1315E682AB00C8B094 /* Sources */ = {
			isa = PBXSourcesBuildPhase;
			buildActionMask = 2147483647;
			files = (
				6E175F2815E682AB00C8B094 /* main.m in Sources */,
				6E175F2C15E682AB00C8B094 /* AppDelegate.m in Sources */,
				6E175F3415E683B900C8B094 /* FirstLevelController.m in Sources */,
				6E29118A15E7E65500F02325 /* SecondLevelViewController.m in Sources */,
				6E29119F15E7FEE300F02325 /* DisclosureButtonController.m in Sources */,
				6E2911A215E8001200F02325 /* DisclosureDetailController.m in Sources */,
				6E2911AF15E8B91B00F02325 /* CheckListController.m in Sources */,
				6E2911BA15E9688000F02325 /* RowControlsController.m in Sources */,
			);
			runOnlyForDeploymentPostprocessing = 0;
		};
/* End PBXSourcesBuildPhase section */

/* Begin PBXVariantGroup section */
		6E175F2415E682AB00C8B094 /* InfoPlist.strings */ = {
			isa = PBXVariantGroup;
			children = (
				6E175F2515E682AB00C8B094 /* en */,
			);
			name = InfoPlist.strings;
			sourceTree = "<group>";
		};
/* End PBXVariantGroup section */

/* Begin XCBuildConfiguration section */
		6E175F2D15E682AB00C8B094 /* Debug */ = {
			isa = XCBuildConfiguration;
			buildSettings = {
				ALWAYS_SEARCH_USER_PATHS = NO;
				ARCHS = "$(ARCHS_STANDARD_32_BIT)";
				CLANG_CXX_LANGUAGE_STANDARD = "gnu++0x";
				CLANG_WARN__DUPLICATE_METHOD_MATCH = YES;
				"CODE_SIGN_IDENTITY[sdk=iphoneos*]" = "iPhone Developer";
				COPY_PHASE_STRIP = NO;
				GCC_C_LANGUAGE_STANDARD = gnu99;
				GCC_DYNAMIC_NO_PIC = NO;
				GCC_OPTIMIZATION_LEVEL = 0;
				GCC_PREPROCESSOR_DEFINITIONS = (
					"DEBUG=1",
					"$(inherited)",
				);
				GCC_SYMBOLS_PRIVATE_EXTERN = NO;
				GCC_VERSION = com.apple.compilers.llvm.clang.1_0;
				GCC_WARN_ABOUT_RETURN_TYPE = YES;
				GCC_WARN_UNINITIALIZED_AUTOS = YES;
				GCC_WARN_UNUSED_VARIABLE = YES;
				IPHONEOS_DEPLOYMENT_TARGET = 5.1;
				SDKROOT = iphoneos;
			};
			name = Debug;
		};
		6E175F2E15E682AB00C8B094 /* Release */ = {
			isa = XCBuildConfiguration;
			buildSettings = {
				ALWAYS_SEARCH_USER_PATHS = NO;
				ARCHS = "$(ARCHS_STANDARD_32_BIT)";
				CLANG_CXX_LANGUAGE_STANDARD = "gnu++0x";
				CLANG_WARN__DUPLICATE_METHOD_MATCH = YES;
				"CODE_SIGN_IDENTITY[sdk=iphoneos*]" = "iPhone Developer";
				COPY_PHASE_STRIP = YES;
				GCC_C_LANGUAGE_STANDARD = gnu99;
				GCC_VERSION = com.apple.compilers.llvm.clang.1_0;
				GCC_WARN_ABOUT_RETURN_TYPE = YES;
				GCC_WARN_UNINITIALIZED_AUTOS = YES;
				GCC_WARN_UNUSED_VARIABLE = YES;
				IPHONEOS_DEPLOYMENT_TARGET = 5.1;
				OTHER_CFLAGS = "-DNS_BLOCK_ASSERTIONS=1";
				SDKROOT = iphoneos;
				VALIDATE_PRODUCT = YES;
			};
			name = Release;
		};
		6E175F3015E682AB00C8B094 /* Debug */ = {
			isa = XCBuildConfiguration;
			buildSettings = {
				GCC_PRECOMPILE_PREFIX_HEADER = YES;
				GCC_PREFIX_HEADER = "Nav/Nav-Prefix.pch";
				INFOPLIST_FILE = "Nav/Nav-Info.plist";
				PRODUCT_NAME = "$(TARGET_NAME)";
				WRAPPER_EXTENSION = app;
			};
			name = Debug;
		};
		6E175F3115E682AB00C8B094 /* Release */ = {
			isa = XCBuildConfiguration;
			buildSettings = {
				GCC_PRECOMPILE_PREFIX_HEADER = YES;
				GCC_PREFIX_HEADER = "Nav/Nav-Prefix.pch";
				INFOPLIST_FILE = "Nav/Nav-Info.plist";
				PRODUCT_NAME = "$(TARGET_NAME)";
				WRAPPER_EXTENSION = app;
			};
			name = Release;
		};
/* End XCBuildConfiguration section */

/* Begin XCConfigurationList section */
		6E175F1115E682AB00C8B094 /* Build configuration list for PBXProject "Nav" */ = {
			isa = XCConfigurationList;
			buildConfigurations = (
				6E175F2D15E682AB00C8B094 /* Debug */,
				6E175F2E15E682AB00C8B094 /* Release */,
			);
			defaultConfigurationIsVisible = 0;
			defaultConfigurationName = Release;
		};
		6E175F2F15E682AB00C8B094 /* Build configuration list for PBXNativeTarget "Nav" */ = {
			isa = XCConfigurationList;
			buildConfigurations = (
				6E175F3015E682AB00C8B094 /* Debug */,
				6E175F3115E682AB00C8B094 /* Release */,
			);
			defaultConfigurationIsVisible = 0;
			defaultConfigurationName = Release;
		};
/* End XCConfigurationList section */
	};
	rootObject = 6E175F0E15E682AB00C8B094 /* Project object */;
}
