// !$*UTF8*$!
{
	archiveVersion = 1;
	classes = {
	};
	objectVersion = 46;
	objects = {

/* Begin PBXBuildFile section */
		6E422F401616DA7F00066338 /* UIKit.framework in Frameworks */ = {isa = PBXBuildFile; fileRef = 6E422F3F1616DA7F00066338 /* UIKit.framework */; };
		6E422F421616DA8000066338 /* Foundation.framework in Frameworks */ = {isa = PBXBuildFile; fileRef = 6E422F411616DA7F00066338 /* Foundation.framework */; };
		6E422F441616DA8000066338 /* CoreGraphics.framework in Frameworks */ = {isa = PBXBuildFile; fileRef = 6E422F431616DA8000066338 /* CoreGraphics.framework */; };
		6E422F4A1616DA8000066338 /* InfoPlist.strings in Resources */ = {isa = PBXBuildFile; fileRef = 6E422F481616DA8000066338 /* InfoPlist.strings */; };
		6E422F4C1616DA8000066338 /* main.m in Sources */ = {isa = PBXBuildFile; fileRef = 6E422F4B1616DA8000066338 /* main.m */; };
		6E422F501616DA8000066338 /* AppDelegate.m in Sources */ = {isa = PBXBuildFile; fileRef = 6E422F4F1616DA8000066338 /* AppDelegate.m */; };
		6E422F521616DA8000066338 /* Default.png in Resources */ = {isa = PBXBuildFile; fileRef = 6E422F511616DA8000066338 /* Default.png */; };
		6E422F541616DA8000066338 /* Default@2x.png in Resources */ = {isa = PBXBuildFile; fileRef = 6E422F531616DA8000066338 /* Default@2x.png */; };
		6E422F561616DA8000066338 /* Default-568h@2x.png in Resources */ = {isa = PBXBuildFile; fileRef = 6E422F551616DA8000066338 /* Default-568h@2x.png */; };
		6E422F591616DA8000066338 /* ViewController.m in Sources */ = {isa = PBXBuildFile; fileRef = 6E422F581616DA8000066338 /* ViewController.m */; };
		6E422F5C1616DA8000066338 /* ViewController.xib in Resources */ = {isa = PBXBuildFile; fileRef = 6E422F5A1616DA8000066338 /* ViewController.xib */; };
/* End PBXBuildFile section */

/* Begin PBXFileReference section */
		6E422F3B1616DA7F00066338 /* TetrisTemplate.app */ = {isa = PBXFileReference; explicitFileType = wrapper.application; includeInIndex = 0; path = TetrisTemplate.app; sourceTree = BUILT_PRODUCTS_DIR; };
		6E422F3F1616DA7F00066338 /* UIKit.framework */ = {isa = PBXFileReference; lastKnownFileType = wrapper.framework; name = UIKit.framework; path = System/Library/Frameworks/UIKit.framework; sourceTree = SDKROOT; };
		6E422F411616DA7F00066338 /* Foundation.framework */ = {isa = PBXFileReference; lastKnownFileType = wrapper.framework; name = Foundation.framework; path = System/Library/Frameworks/Foundation.framework; sourceTree = SDKROOT; };
		6E422F431616DA8000066338 /* CoreGraphics.framework */ = {isa = PBXFileReference; lastKnownFileType = wrapper.framework; name = CoreGraphics.framework; path = System/Library/Frameworks/CoreGraphics.framework; sourceTree = SDKROOT; };
		6E422F471616DA8000066338 /* TetrisTemplate-Info.plist */ = {isa = PBXFileReference; lastKnownFileType = text.plist.xml; path = "TetrisTemplate-Info.plist"; sourceTree = "<group>"; };
		6E422F491616DA8000066338 /* en */ = {isa = PBXFileReference; lastKnownFileType = text.plist.strings; name = en; path = en.lproj/InfoPlist.strings; sourceTree = "<group>"; };
		6E422F4B1616DA8000066338 /* main.m */ = {isa = PBXFileReference; lastKnownFileType = sourcecode.c.objc; path = main.m; sourceTree = "<group>"; };
		6E422F4D1616DA8000066338 /* TetrisTemplate-Prefix.pch */ = {isa = PBXFileReference; lastKnownFileType = sourcecode.c.h; path = "TetrisTemplate-Prefix.pch"; sourceTree = "<group>"; };
		6E422F4E1616DA8000066338 /* AppDelegate.h */ = {isa = PBXFileReference; lastKnownFileType = sourcecode.c.h; path = AppDelegate.h; sourceTree = "<group>"; };
		6E422F4F1616DA8000066338 /* AppDelegate.m */ = {isa = PBXFileReference; lastKnownFileType = sourcecode.c.objc; path = AppDelegate.m; sourceTree = "<group>"; };
		6E422F511616DA8000066338 /* Default.png */ = {isa = PBXFileReference; lastKnownFileType = image.png; path = Default.png; sourceTree = "<group>"; };
		6E422F531616DA8000066338 /* Default@2x.png */ = {isa = PBXFileReference; lastKnownFileType = image.png; path = "Default@2x.png"; sourceTree = "<group>"; };
		6E422F551616DA8000066338 /* Default-568h@2x.png */ = {isa = PBXFileReference; lastKnownFileType = image.png; path = "Default-568h@2x.png"; sourceTree = "<group>"; };
		6E422F571616DA8000066338 /* ViewController.h */ = {isa = PBXFileReference; lastKnownFileType = sourcecode.c.h; path = ViewController.h; sourceTree = "<group>"; };
		6E422F581616DA8000066338 /* ViewController.m */ = {isa = PBXFileReference; lastKnownFileType = sourcecode.c.objc; path = ViewController.m; sourceTree = "<group>"; };
		6E422F5B1616DA8000066338 /* en */ = {isa = PBXFileReference; lastKnownFileType = file.xib; name = en; path = en.lproj/ViewController.xib; sourceTree = "<group>"; };
/* End PBXFileReference section */

/* Begin PBXFrameworksBuildPhase section */
		6E422F381616DA7F00066338 /* Frameworks */ = {
			isa = PBXFrameworksBuildPhase;
			buildActionMask = 2147483647;
			files = (
				6E422F401616DA7F00066338 /* UIKit.framework in Frameworks */,
				6E422F421616DA8000066338 /* Foundation.framework in Frameworks */,
				6E422F441616DA8000066338 /* CoreGraphics.framework in Frameworks */,
			);
			runOnlyForDeploymentPostprocessing = 0;
		};
/* End PBXFrameworksBuildPhase section */

/* Begin PBXGroup section */
		6E422F301616DA7F00066338 = {
			isa = PBXGroup;
			children = (
				6E422F451616DA8000066338 /* TetrisTemplate */,
				6E422F3E1616DA7F00066338 /* Frameworks */,
				6E422F3C1616DA7F00066338 /* Products */,
			);
			sourceTree = "<group>";
		};
		6E422F3C1616DA7F00066338 /* Products */ = {
			isa = PBXGroup;
			children = (
				6E422F3B1616DA7F00066338 /* TetrisTemplate.app */,
			);
			name = Products;
			sourceTree = "<group>";
		};
		6E422F3E1616DA7F00066338 /* Frameworks */ = {
			isa = PBXGroup;
			children = (
				6E422F3F1616DA7F00066338 /* UIKit.framework */,
				6E422F411616DA7F00066338 /* Foundation.framework */,
				6E422F431616DA8000066338 /* CoreGraphics.framework */,
			);
			name = Frameworks;
			sourceTree = "<group>";
		};
		6E422F451616DA8000066338 /* TetrisTemplate */ = {
			isa = PBXGroup;
			children = (
				6E422F4E1616DA8000066338 /* AppDelegate.h */,
				6E422F4F1616DA8000066338 /* AppDelegate.m */,
				6E422F571616DA8000066338 /* ViewController.h */,
				6E422F581616DA8000066338 /* ViewController.m */,
				6E422F5A1616DA8000066338 /* ViewController.xib */,
				6E422F461616DA8000066338 /* Supporting Files */,
			);
			path = TetrisTemplate;
			sourceTree = "<group>";
		};
		6E422F461616DA8000066338 /* Supporting Files */ = {
			isa = PBXGroup;
			children = (
				6E422F471616DA8000066338 /* TetrisTemplate-Info.plist */,
				6E422F481616DA8000066338 /* InfoPlist.strings */,
				6E422F4B1616DA8000066338 /* main.m */,
				6E422F4D1616DA8000066338 /* TetrisTemplate-Prefix.pch */,
				6E422F511616DA8000066338 /* Default.png */,
				6E422F531616DA8000066338 /* Default@2x.png */,
				6E422F551616DA8000066338 /* Default-568h@2x.png */,
			);
			name = "Supporting Files";
			sourceTree = "<group>";
		};
/* End PBXGroup section */

/* Begin PBXNativeTarget section */
		6E422F3A1616DA7F00066338 /* TetrisTemplate */ = {
			isa = PBXNativeTarget;
			buildConfigurationList = 6E422F5F1616DA8000066338 /* Build configuration list for PBXNativeTarget "TetrisTemplate" */;
			buildPhases = (
				6E422F371616DA7F00066338 /* Sources */,
				6E422F381616DA7F00066338 /* Frameworks */,
				6E422F391616DA7F00066338 /* Resources */,
			);
			buildRules = (
			);
			dependencies = (
			);
			name = TetrisTemplate;
			productName = TetrisTemplate;
			productReference = 6E422F3B1616DA7F00066338 /* TetrisTemplate.app */;
			productType = "com.apple.product-type.application";
		};
/* End PBXNativeTarget section */

/* Begin PBXProject section */
		6E422F321616DA7F00066338 /* Project object */ = {
			isa = PBXProject;
			attributes = {
				LastUpgradeCheck = 0450;
				ORGANIZATIONNAME = Natasha;
			};
			buildConfigurationList = 6E422F351616DA7F00066338 /* Build configuration list for PBXProject "TetrisTemplate" */;
			compatibilityVersion = "Xcode 3.2";
			developmentRegion = English;
			hasScannedForEncodings = 0;
			knownRegions = (
				en,
			);
			mainGroup = 6E422F301616DA7F00066338;
			productRefGroup = 6E422F3C1616DA7F00066338 /* Products */;
			projectDirPath = "";
			projectRoot = "";
			targets = (
				6E422F3A1616DA7F00066338 /* TetrisTemplate */,
			);
		};
/* End PBXProject section */

/* Begin PBXResourcesBuildPhase section */
		6E422F391616DA7F00066338 /* Resources */ = {
			isa = PBXResourcesBuildPhase;
			buildActionMask = 2147483647;
			files = (
				6E422F4A1616DA8000066338 /* InfoPlist.strings in Resources */,
				6E422F521616DA8000066338 /* Default.png in Resources */,
				6E422F541616DA8000066338 /* Default@2x.png in Resources */,
				6E422F561616DA8000066338 /* Default-568h@2x.png in Resources */,
				6E422F5C1616DA8000066338 /* ViewController.xib in Resources */,
			);
			runOnlyForDeploymentPostprocessing = 0;
		};
/* End PBXResourcesBuildPhase section */

/* Begin PBXSourcesBuildPhase section */
		6E422F371616DA7F00066338 /* Sources */ = {
			isa = PBXSourcesBuildPhase;
			buildActionMask = 2147483647;
			files = (
				6E422F4C1616DA8000066338 /* main.m in Sources */,
				6E422F501616DA8000066338 /* AppDelegate.m in Sources */,
				6E422F591616DA8000066338 /* ViewController.m in Sources */,
			);
			runOnlyForDeploymentPostprocessing = 0;
		};
/* End PBXSourcesBuildPhase section */

/* Begin PBXVariantGroup section */
		6E422F481616DA8000066338 /* InfoPlist.strings */ = {
			isa = PBXVariantGroup;
			children = (
				6E422F491616DA8000066338 /* en */,
			);
			name = InfoPlist.strings;
			sourceTree = "<group>";
		};
		6E422F5A1616DA8000066338 /* ViewController.xib */ = {
			isa = PBXVariantGroup;
			children = (
				6E422F5B1616DA8000066338 /* en */,
			);
			name = ViewController.xib;
			sourceTree = "<group>";
		};
/* End PBXVariantGroup section */

/* Begin XCBuildConfiguration section */
		6E422F5D1616DA8000066338 /* Debug */ = {
			isa = XCBuildConfiguration;
			buildSettings = {
				ALWAYS_SEARCH_USER_PATHS = NO;
				CLANG_CXX_LANGUAGE_STANDARD = "gnu++0x";
				CLANG_CXX_LIBRARY = "libc++";
				CLANG_WARN_EMPTY_BODY = YES;
				CLANG_WARN__DUPLICATE_METHOD_MATCH = YES;
				"CODE_SIGN_IDENTITY[sdk=iphoneos*]" = "iPhone Developer";
				COPY_PHASE_STRIP = NO;
				GCC_C_LANGUAGE_STANDARD = gnu99;
				GCC_DYNAMIC_NO_PIC = NO;
				GCC_OPTIMIZATION_LEVEL = 0;
				GCC_PREPROCESSOR_DEFINITIONS = (
					"DEBUG=1",
					"$(inherited)",
				);
				GCC_SYMBOLS_PRIVATE_EXTERN = NO;
				GCC_WARN_ABOUT_RETURN_TYPE = YES;
				GCC_WARN_UNINITIALIZED_AUTOS = YES;
				GCC_WARN_UNUSED_VARIABLE = YES;
				IPHONEOS_DEPLOYMENT_TARGET = 6.0;
				SDKROOT = iphoneos;
			};
			name = Debug;
		};
		6E422F5E1616DA8000066338 /* Release */ = {
			isa = XCBuildConfiguration;
			buildSettings = {
				ALWAYS_SEARCH_USER_PATHS = NO;
				CLANG_CXX_LANGUAGE_STANDARD = "gnu++0x";
				CLANG_CXX_LIBRARY = "libc++";
				CLANG_WARN_EMPTY_BODY = YES;
				CLANG_WARN__DUPLICATE_METHOD_MATCH = YES;
				"CODE_SIGN_IDENTITY[sdk=iphoneos*]" = "iPhone Developer";
				COPY_PHASE_STRIP = YES;
				GCC_C_LANGUAGE_STANDARD = gnu99;
				GCC_WARN_ABOUT_RETURN_TYPE = YES;
				GCC_WARN_UNINITIALIZED_AUTOS = YES;
				GCC_WARN_UNUSED_VARIABLE = YES;
				IPHONEOS_DEPLOYMENT_TARGET = 6.0;
				OTHER_CFLAGS = "-DNS_BLOCK_ASSERTIONS=1";
				SDKROOT = iphoneos;
				VALIDATE_PRODUCT = YES;
			};
			name = Release;
		};
		6E422F601616DA8000066338 /* Debug */ = {
			isa = XCBuildConfiguration;
			buildSettings = {
				GCC_PRECOMPILE_PREFIX_HEADER = YES;
				GCC_PREFIX_HEADER = "TetrisTemplate/TetrisTemplate-Prefix.pch";
				INFOPLIST_FILE = "TetrisTemplate/TetrisTemplate-Info.plist";
				PRODUCT_NAME = "$(TARGET_NAME)";
				WRAPPER_EXTENSION = app;
			};
			name = Debug;
		};
		6E422F611616DA8000066338 /* Release */ = {
			isa = XCBuildConfiguration;
			buildSettings = {
				GCC_PRECOMPILE_PREFIX_HEADER = YES;
				GCC_PREFIX_HEADER = "TetrisTemplate/TetrisTemplate-Prefix.pch";
				INFOPLIST_FILE = "TetrisTemplate/TetrisTemplate-Info.plist";
				PRODUCT_NAME = "$(TARGET_NAME)";
				WRAPPER_EXTENSION = app;
			};
			name = Release;
		};
/* End XCBuildConfiguration section */

/* Begin XCConfigurationList section */
		6E422F351616DA7F00066338 /* Build configuration list for PBXProject "TetrisTemplate" */ = {
			isa = XCConfigurationList;
			buildConfigurations = (
				6E422F5D1616DA8000066338 /* Debug */,
				6E422F5E1616DA8000066338 /* Release */,
			);
			defaultConfigurationIsVisible = 0;
			defaultConfigurationName = Release;
		};
		6E422F5F1616DA8000066338 /* Build configuration list for PBXNativeTarget "TetrisTemplate" */ = {
			isa = XCConfigurationList;
			buildConfigurations = (
				6E422F601616DA8000066338 /* Debug */,
				6E422F611616DA8000066338 /* Release */,
			);
			defaultConfigurationIsVisible = 0;
		};
/* End XCConfigurationList section */
	};
	rootObject = 6E422F321616DA7F00066338 /* Project object */;
}
